
Microsoft Visual Studio Solution File, Format Version 12.00
# Visual Studio Version 17
VisualStudioVersion = 17.11.35327.3
MinimumVisualStudioVersion = 10.0.40219.1
Project("{FAE04EC0-301F-11D3-BF4B-00C04F79EFBC}") = "API", "API\API.csproj", "{2103E191-D0E5-43DA-9EAF-DF33CC28E61E}"
EndProject
Global
	GlobalSection(SolutionConfigurationPlatforms) = preSolution
		Debug|Any CPU = Debug|Any CPU
		Release|Any CPU = Release|Any CPU
	EndGlobalSection
	GlobalSection(ProjectConfigurationPlatforms) = postSolution
		{2103E191-D0E5-43DA-9EAF-DF33CC28E61E}.Debug|Any CPU.ActiveCfg = Debug|Any CPU
		{2103E191-D0E5-43DA-9EAF-DF33CC28E61E}.Debug|Any CPU.Build.0 = Debug|Any CPU
		{2103E191-D0E5-43DA-9EAF-DF33CC28E61E}.Release|Any CPU.ActiveCfg = Release|Any CPU
		{2103E191-D0E5-43DA-9EAF-DF33CC28E61E}.Release|Any CPU.Build.0 = Release|Any CPU
	EndGlobalSection
	GlobalSection(SolutionProperties) = preSolution
		HideSolutionNode = FALSE
	EndGlobalSection
	GlobalSection(ExtensibilityGlobals) = postSolution
		SolutionGuid = {D1592400-0544-4C8B-A136-65E787505CB7}
	EndGlobalSection
EndGlobal
